
Microsoft Visual Studio Solution File, Format Version 12.00
# Visual Studio Version 16
VisualStudioVersion = 16.0.31129.286
MinimumVisualStudioVersion = 10.0.40219.1
Project("{9A19103F-16F7-4668-BE54-9A1E7A4F7556}") = "PWManager", "PWManager\PWManager.csproj", "{4376F675-8DDA-4C54-8FA3-7D5E1E0B09C5}"
EndProject
Project("{FAE04EC0-301F-11D3-BF4B-00C04F79EFBC}") = "PWManagerWCF", "PWManagerWCF\PWManagerWCF.csproj", "{4B24AA26-AE01-41D1-B48A-BBB75EDB4545}"
EndProject
Project("{9A19103F-16F7-4668-BE54-9A1E7A4F7556}") = "PWManagerTests", "PWManagerTests\PWManagerTests.csproj", "{298E2F21-C39D-4B42-8F40-125738CE1E8A}"
EndProject
Project("{00D1A9C2-B5F0-4AF3-8072-F6C62B433612}") = "Database", "Database\Database.sqlproj", "{F7F25161-E4DB-48B2-8A90-4689D9969E24}"
EndProject
Global
	GlobalSection(SolutionConfigurationPlatforms) = preSolution
		Debug|Any CPU = Debug|Any CPU
		Release|Any CPU = Release|Any CPU
	EndGlobalSection
	GlobalSection(ProjectConfigurationPlatforms) = postSolution
		{4376F675-8DDA-4C54-8FA3-7D5E1E0B09C5}.Debug|Any CPU.ActiveCfg = Debug|Any CPU
		{4376F675-8DDA-4C54-8FA3-7D5E1E0B09C5}.Debug|Any CPU.Build.0 = Debug|Any CPU
		{4376F675-8DDA-4C54-8FA3-7D5E1E0B09C5}.Release|Any CPU.ActiveCfg = Release|Any CPU
		{4376F675-8DDA-4C54-8FA3-7D5E1E0B09C5}.Release|Any CPU.Build.0 = Release|Any CPU
		{4B24AA26-AE01-41D1-B48A-BBB75EDB4545}.Debug|Any CPU.ActiveCfg = Debug|Any CPU
		{4B24AA26-AE01-41D1-B48A-BBB75EDB4545}.Debug|Any CPU.Build.0 = Debug|Any CPU
		{4B24AA26-AE01-41D1-B48A-BBB75EDB4545}.Release|Any CPU.ActiveCfg = Release|Any CPU
		{4B24AA26-AE01-41D1-B48A-BBB75EDB4545}.Release|Any CPU.Build.0 = Release|Any CPU
		{298E2F21-C39D-4B42-8F40-125738CE1E8A}.Debug|Any CPU.ActiveCfg = Debug|Any CPU
		{298E2F21-C39D-4B42-8F40-125738CE1E8A}.Debug|Any CPU.Build.0 = Debug|Any CPU
		{298E2F21-C39D-4B42-8F40-125738CE1E8A}.Release|Any CPU.ActiveCfg = Release|Any CPU
		{298E2F21-C39D-4B42-8F40-125738CE1E8A}.Release|Any CPU.Build.0 = Release|Any CPU
		{F7F25161-E4DB-48B2-8A90-4689D9969E24}.Debug|Any CPU.ActiveCfg = Debug|Any CPU
		{F7F25161-E4DB-48B2-8A90-4689D9969E24}.Debug|Any CPU.Build.0 = Debug|Any CPU
		{F7F25161-E4DB-48B2-8A90-4689D9969E24}.Debug|Any CPU.Deploy.0 = Debug|Any CPU
		{F7F25161-E4DB-48B2-8A90-4689D9969E24}.Release|Any CPU.ActiveCfg = Release|Any CPU
		{F7F25161-E4DB-48B2-8A90-4689D9969E24}.Release|Any CPU.Build.0 = Release|Any CPU
		{F7F25161-E4DB-48B2-8A90-4689D9969E24}.Release|Any CPU.Deploy.0 = Release|Any CPU
	EndGlobalSection
	GlobalSection(SolutionProperties) = preSolution
		HideSolutionNode = FALSE
	EndGlobalSection
	GlobalSection(ExtensibilityGlobals) = postSolution
		SolutionGuid = {7663EB4B-502E-431B-BFCA-7B14E943CBFA}
	EndGlobalSection
EndGlobal
